
Microsoft Visual Studio Solution File, Format Version 12.00
# Visual Studio Version 16
VisualStudioVersion = 16.0.32106.194
MinimumVisualStudioVersion = 10.0.40219.1
Project("{FAE04EC0-301F-11D3-BF4B-00C04F79EFBC}") = "Console Project", "Console Project\Console Project.csproj", "{05386484-3B52-4B21-A63C-C7D56D2EA302}"
EndProject
Global
	GlobalSection(SolutionConfigurationPlatforms) = preSolution
		Debug|Any CPU = Debug|Any CPU
		Release|Any CPU = Release|Any CPU
	EndGlobalSection
	GlobalSection(ProjectConfigurationPlatforms) = postSolution
		{05386484-3B52-4B21-A63C-C7D56D2EA302}.Debug|Any CPU.ActiveCfg = Debug|Any CPU
		{05386484-3B52-4B21-A63C-C7D56D2EA302}.Debug|Any CPU.Build.0 = Debug|Any CPU
		{05386484-3B52-4B21-A63C-C7D56D2EA302}.Release|Any CPU.ActiveCfg = Release|Any CPU
		{05386484-3B52-4B21-A63C-C7D56D2EA302}.Release|Any CPU.Build.0 = Release|Any CPU
	EndGlobalSection
	GlobalSection(SolutionProperties) = preSolution
		HideSolutionNode = FALSE
	EndGlobalSection
	GlobalSection(ExtensibilityGlobals) = postSolution
		SolutionGuid = {E6EB5A3E-E2E3-4EA2-81C3-F47F9182FC90}
	EndGlobalSection
EndGlobal
